// !$*UTF8*$!
{
	archiveVersion = 1;
	classes = {
	};
	objectVersion = 56;
	objects = {

/* Begin PBXBuildFile section */
		2BA5A90EAA5F84DC485256BB /* Pods_SmartReply.framework in Frameworks */ = {isa = PBXBuildFile; fileRef = 2475472F1336857E6D55EBAC /* Pods_SmartReply.framework */; };
		7A04FFA2290D9DB4001219B5 /* AppDelegate.swift in Sources */ = {isa = PBXBuildFile; fileRef = 7A04FFA1290D9DB4001219B5 /* AppDelegate.swift */; };
		7A04FFA4290D9DB4001219B5 /* SceneDelegate.swift in Sources */ = {isa = PBXBuildFile; fileRef = 7A04FFA3290D9DB4001219B5 /* SceneDelegate.swift */; };
		7A04FFA6290D9DB4001219B5 /* ViewController.swift in Sources */ = {isa = PBXBuildFile; fileRef = 7A04FFA5290D9DB4001219B5 /* ViewController.swift */; };
		7A04FFA9290D9DB4001219B5 /* Main.storyboard in Resources */ = {isa = PBXBuildFile; fileRef = 7A04FFA7290D9DB4001219B5 /* Main.storyboard */; };
		7A04FFAB290D9DB5001219B5 /* Assets.xcassets in Resources */ = {isa = PBXBuildFile; fileRef = 7A04FFAA290D9DB5001219B5 /* Assets.xcassets */; };
		7A04FFAE290D9DB5001219B5 /* LaunchScreen.storyboard in Resources */ = {isa = PBXBuildFile; fileRef = 7A04FFAC290D9DB5001219B5 /* LaunchScreen.storyboard */; };
/* End PBXBuildFile section */

/* Begin PBXFileReference section */
		2475472F1336857E6D55EBAC /* Pods_SmartReply.framework */ = {isa = PBXFileReference; explicitFileType = wrapper.framework; includeInIndex = 0; path = Pods_SmartReply.framework; sourceTree = BUILT_PRODUCTS_DIR; };
		3BA5E463E2B04E01927B7163 /* Pods-SmartReply.release.xcconfig */ = {isa = PBXFileReference; includeInIndex = 1; lastKnownFileType = text.xcconfig; name = "Pods-SmartReply.release.xcconfig"; path = "Pods/Target Support Files/Pods-SmartReply/Pods-SmartReply.release.xcconfig"; sourceTree = "<group>"; };
		7A04FF9E290D9DB4001219B5 /* SmartReply.app */ = {isa = PBXFileReference; explicitFileType = wrapper.application; includeInIndex = 0; path = SmartReply.app; sourceTree = BUILT_PRODUCTS_DIR; };
		7A04FFA1290D9DB4001219B5 /* AppDelegate.swift */ = {isa = PBXFileReference; lastKnownFileType = sourcecode.swift; path = AppDelegate.swift; sourceTree = "<group>"; };
		7A04FFA3290D9DB4001219B5 /* SceneDelegate.swift */ = {isa = PBXFileReference; lastKnownFileType = sourcecode.swift; path = SceneDelegate.swift; sourceTree = "<group>"; };
		7A04FFA5290D9DB4001219B5 /* ViewController.swift */ = {isa = PBXFileReference; lastKnownFileType = sourcecode.swift; path = ViewController.swift; sourceTree = "<group>"; };
		7A04FFA8290D9DB4001219B5 /* Base */ = {isa = PBXFileReference; lastKnownFileType = file.storyboard; name = Base; path = Base.lproj/Main.storyboard; sourceTree = "<group>"; };
		7A04FFAA290D9DB5001219B5 /* Assets.xcassets */ = {isa = PBXFileReference; lastKnownFileType = folder.assetcatalog; path = Assets.xcassets; sourceTree = "<group>"; };
		7A04FFAD290D9DB5001219B5 /* Base */ = {isa = PBXFileReference; lastKnownFileType = file.storyboard; name = Base; path = Base.lproj/LaunchScreen.storyboard; sourceTree = "<group>"; };
		7A04FFAF290D9DB5001219B5 /* Info.plist */ = {isa = PBXFileReference; lastKnownFileType = text.plist.xml; path = Info.plist; sourceTree = "<group>"; };
		7E2DED9DCBE189664F4DCBC7 /* Pods-SmartReply.debug.xcconfig */ = {isa = PBXFileReference; includeInIndex = 1; lastKnownFileType = text.xcconfig; name = "Pods-SmartReply.debug.xcconfig"; path = "Pods/Target Support Files/Pods-SmartReply/Pods-SmartReply.debug.xcconfig"; sourceTree = "<group>"; };
/* End PBXFileReference section */

/* Begin PBXFrameworksBuildPhase section */
		7A04FF9B290D9DB4001219B5 /* Frameworks */ = {
			isa = PBXFrameworksBuildPhase;
			buildActionMask = 2147483647;
			files = (
				2BA5A90EAA5F84DC485256BB /* Pods_SmartReply.framework in Frameworks */,
			);
			runOnlyForDeploymentPostprocessing = 0;
		};
/* End PBXFrameworksBuildPhase section */

/* Begin PBXGroup section */
		6FFFCA1A8C9DDBAB922298E8 /* Frameworks */ = {
			isa = PBXGroup;
			children = (
				2475472F1336857E6D55EBAC /* Pods_SmartReply.framework */,
			);
			name = Frameworks;
			sourceTree = "<group>";
		};
		7A04FF95290D9DB4001219B5 = {
			isa = PBXGroup;
			children = (
				7A04FFA0290D9DB4001219B5 /* SmartReply */,
				7A04FF9F290D9DB4001219B5 /* Products */,
				D586DF4A594D051030CB8A1F /* Pods */,
				6FFFCA1A8C9DDBAB922298E8 /* Frameworks */,
			);
			sourceTree = "<group>";
		};
		7A04FF9F290D9DB4001219B5 /* Products */ = {
			isa = PBXGroup;
			children = (
				7A04FF9E290D9DB4001219B5 /* SmartReply.app */,
			);
			name = Products;
			sourceTree = "<group>";
		};
		7A04FFA0290D9DB4001219B5 /* SmartReply */ = {
			isa = PBXGroup;
			children = (
				7A04FFA1290D9DB4001219B5 /* AppDelegate.swift */,
				7A04FFA3290D9DB4001219B5 /* SceneDelegate.swift */,
				7A04FFA5290D9DB4001219B5 /* ViewController.swift */,
				7A04FFA7290D9DB4001219B5 /* Main.storyboard */,
				7A04FFAA290D9DB5001219B5 /* Assets.xcassets */,
				7A04FFAC290D9DB5001219B5 /* LaunchScreen.storyboard */,
				7A04FFAF290D9DB5001219B5 /* Info.plist */,
			);
			path = SmartReply;
			sourceTree = "<group>";
		};
		D586DF4A594D051030CB8A1F /* Pods */ = {
			isa = PBXGroup;
			children = (
				7E2DED9DCBE189664F4DCBC7 /* Pods-SmartReply.debug.xcconfig */,
				3BA5E463E2B04E01927B7163 /* Pods-SmartReply.release.xcconfig */,
			);
			name = Pods;
			sourceTree = "<group>";
		};
/* End PBXGroup section */

/* Begin PBXNativeTarget section */
		7A04FF9D290D9DB4001219B5 /* SmartReply */ = {
			isa = PBXNativeTarget;
			buildConfigurationList = 7A04FFB2290D9DB5001219B5 /* Build configuration list for PBXNativeTarget "SmartReply" */;
			buildPhases = (
				99BAA7C7A86157A29DFADD26 /* [CP] Check Pods Manifest.lock */,
				7A04FF9A290D9DB4001219B5 /* Sources */,
				7A04FF9B290D9DB4001219B5 /* Frameworks */,
				7A04FF9C290D9DB4001219B5 /* Resources */,
				6EF5DCCEEFD89DBAE372C0A1 /* [CP] Embed Pods Frameworks */,
				38D0B7FFDA3B67D545DDAB5C /* [CP] Copy Pods Resources */,
			);
			buildRules = (
			);
			dependencies = (
			);
			name = SmartReply;
			productName = SmartReply;
			productReference = 7A04FF9E290D9DB4001219B5 /* SmartReply.app */;
			productType = "com.apple.product-type.application";
		};
/* End PBXNativeTarget section */

/* Begin PBXProject section */
		7A04FF96290D9DB4001219B5 /* Project object */ = {
			isa = PBXProject;
			attributes = {
				BuildIndependentTargetsInParallel = 1;
				LastSwiftUpdateCheck = 1400;
				LastUpgradeCheck = 1400;
				TargetAttributes = {
					7A04FF9D290D9DB4001219B5 = {
						CreatedOnToolsVersion = 14.0.1;
					};
				};
			};
			buildConfigurationList = 7A04FF99290D9DB4001219B5 /* Build configuration list for PBXProject "SmartReply" */;
			compatibilityVersion = "Xcode 14.0";
			developmentRegion = en;
			hasScannedForEncodings = 0;
			knownRegions = (
				en,
				Base,
			);
			mainGroup = 7A04FF95290D9DB4001219B5;
			productRefGroup = 7A04FF9F290D9DB4001219B5 /* Products */;
			projectDirPath = "";
			projectRoot = "";
			targets = (
				7A04FF9D290D9DB4001219B5 /* SmartReply */,
			);
		};
/* End PBXProject section */

/* Begin PBXResourcesBuildPhase section */
		7A04FF9C290D9DB4001219B5 /* Resources */ = {
			isa = PBXResourcesBuildPhase;
			buildActionMask = 2147483647;
			files = (
				7A04FFAE290D9DB5001219B5 /* LaunchScreen.storyboard in Resources */,
				7A04FFAB290D9DB5001219B5 /* Assets.xcassets in Resources */,
				7A04FFA9290D9DB4001219B5 /* Main.storyboard in Resources */,
			);
			runOnlyForDeploymentPostprocessing = 0;
		};
/* End PBXResourcesBuildPhase section */

/* Begin PBXShellScriptBuildPhase section */
		38D0B7FFDA3B67D545DDAB5C /* [CP] Copy Pods Resources */ = {
			isa = PBXShellScriptBuildPhase;
			buildActionMask = 2147483647;
			files = (
			);
			inputFileListPaths = (
			);
			inputPaths = (
				"${SRCROOT}/Pods/Target Support Files/Pods-SmartReply/Pods-SmartReply-resources.sh",
				"${PODS_CONFIGURATION_BUILD_DIR}/MLKitSmartReply/PredictOnDeviceResource.bundle",
			);
			name = "[CP] Copy Pods Resources";
			outputFileListPaths = (
			);
			outputPaths = (
				"${TARGET_BUILD_DIR}/${UNLOCALIZED_RESOURCES_FOLDER_PATH}/PredictOnDeviceResource.bundle",
			);
			runOnlyForDeploymentPostprocessing = 0;
			shellPath = /bin/sh;
			shellScript = "\"${SRCROOT}/Pods/Target Support Files/Pods-SmartReply/Pods-SmartReply-resources.sh\"\n";
			showEnvVarsInLog = 0;
		};
		6EF5DCCEEFD89DBAE372C0A1 /* [CP] Embed Pods Frameworks */ = {
			isa = PBXShellScriptBuildPhase;
			buildActionMask = 2147483647;
			files = (
			);
			inputFileListPaths = (
			);
			inputPaths = (
				"${SRCROOT}/Pods/Target Support Files/Pods-SmartReply/Pods-SmartReply-frameworks.sh",
				"${BUILT_PRODUCTS_DIR}/GTMSessionFetcher/GTMSessionFetcher.framework",
				"${BUILT_PRODUCTS_DIR}/GoogleDataTransport/GoogleDataTransport.framework",
				"${BUILT_PRODUCTS_DIR}/GoogleToolboxForMac/GoogleToolboxForMac.framework",
				"${BUILT_PRODUCTS_DIR}/GoogleUtilities/GoogleUtilities.framework",
				"${BUILT_PRODUCTS_DIR}/PromisesObjC/FBLPromises.framework",
				"${BUILT_PRODUCTS_DIR}/Protobuf/Protobuf.framework",
				"${BUILT_PRODUCTS_DIR}/nanopb/nanopb.framework",
			);
			name = "[CP] Embed Pods Frameworks";
			outputFileListPaths = (
			);
			outputPaths = (
				"${TARGET_BUILD_DIR}/${FRAMEWORKS_FOLDER_PATH}/GTMSessionFetcher.framework",
				"${TARGET_BUILD_DIR}/${FRAMEWORKS_FOLDER_PATH}/GoogleDataTransport.framework",
				"${TARGET_BUILD_DIR}/${FRAMEWORKS_FOLDER_PATH}/GoogleToolboxForMac.framework",
				"${TARGET_BUILD_DIR}/${FRAMEWORKS_FOLDER_PATH}/GoogleUtilities.framework",
				"${TARGET_BUILD_DIR}/${FRAMEWORKS_FOLDER_PATH}/FBLPromises.framework",
				"${TARGET_BUILD_DIR}/${FRAMEWORKS_FOLDER_PATH}/Protobuf.framework",
				"${TARGET_BUILD_DIR}/${FRAMEWORKS_FOLDER_PATH}/nanopb.framework",
			);
			runOnlyForDeploymentPostprocessing = 0;
			shellPath = /bin/sh;
			shellScript = "\"${SRCROOT}/Pods/Target Support Files/Pods-SmartReply/Pods-SmartReply-frameworks.sh\"\n";
			showEnvVarsInLog = 0;
		};
		99BAA7C7A86157A29DFADD26 /* [CP] Check Pods Manifest.lock */ = {
			isa = PBXShellScriptBuildPhase;
			buildActionMask = 2147483647;
			files = (
			);
			inputFileListPaths = (
			);
			inputPaths = (
				"${PODS_PODFILE_DIR_PATH}/Podfile.lock",
				"${PODS_ROOT}/Manifest.lock",
			);
			name = "[CP] Check Pods Manifest.lock";
			outputFileListPaths = (
			);
			outputPaths = (
				"$(DERIVED_FILE_DIR)/Pods-SmartReply-checkManifestLockResult.txt",
			);
			runOnlyForDeploymentPostprocessing = 0;
			shellPath = /bin/sh;
			shellScript = "diff \"${PODS_PODFILE_DIR_PATH}/Podfile.lock\" \"${PODS_ROOT}/Manifest.lock\" > /dev/null\nif [ $? != 0 ] ; then\n    # print error to STDERR\n    echo \"error: The sandbox is not in sync with the Podfile.lock. Run 'pod install' or update your CocoaPods installation.\" >&2\n    exit 1\nfi\n# This output is used by Xcode 'outputs' to avoid re-running this script phase.\necho \"SUCCESS\" > \"${SCRIPT_OUTPUT_FILE_0}\"\n";
			showEnvVarsInLog = 0;
		};
/* End PBXShellScriptBuildPhase section */

/* Begin PBXSourcesBuildPhase section */
		7A04FF9A290D9DB4001219B5 /* Sources */ = {
			isa = PBXSourcesBuildPhase;
			buildActionMask = 2147483647;
			files = (
				7A04FFA6290D9DB4001219B5 /* ViewController.swift in Sources */,
				7A04FFA2290D9DB4001219B5 /* AppDelegate.swift in Sources */,
				7A04FFA4290D9DB4001219B5 /* SceneDelegate.swift in Sources */,
			);
			runOnlyForDeploymentPostprocessing = 0;
		};
/* End PBXSourcesBuildPhase section */

/* Begin PBXVariantGroup section */
		7A04FFA7290D9DB4001219B5 /* Main.storyboard */ = {
			isa = PBXVariantGroup;
			children = (
				7A04FFA8290D9DB4001219B5 /* Base */,
			);
			name = Main.storyboard;
			sourceTree = "<group>";
		};
		7A04FFAC290D9DB5001219B5 /* LaunchScreen.storyboard */ = {
			isa = PBXVariantGroup;
			children = (
				7A04FFAD290D9DB5001219B5 /* Base */,
			);
			name = LaunchScreen.storyboard;
			sourceTree = "<group>";
		};
/* End PBXVariantGroup section */

/* Begin XCBuildConfiguration section */
		7A04FFB0290D9DB5001219B5 /* Debug */ = {
			isa = XCBuildConfiguration;
			buildSettings = {
				ALWAYS_SEARCH_USER_PATHS = NO;
				CLANG_ANALYZER_NONNULL = YES;
				CLANG_ANALYZER_NUMBER_OBJECT_CONVERSION = YES_AGGRESSIVE;
				CLANG_CXX_LANGUAGE_STANDARD = "gnu++20";
				CLANG_ENABLE_MODULES = YES;
				CLANG_ENABLE_OBJC_ARC = YES;
				CLANG_ENABLE_OBJC_WEAK = YES;
				CLANG_WARN_BLOCK_CAPTURE_AUTORELEASING = YES;
				CLANG_WARN_BOOL_CONVERSION = YES;
				CLANG_WARN_COMMA = YES;
				CLANG_WARN_CONSTANT_CONVERSION = YES;
				CLANG_WARN_DEPRECATED_OBJC_IMPLEMENTATIONS = YES;
				CLANG_WARN_DIRECT_OBJC_ISA_USAGE = YES_ERROR;
				CLANG_WARN_DOCUMENTATION_COMMENTS = YES;
				CLANG_WARN_EMPTY_BODY = YES;
				CLANG_WARN_ENUM_CONVERSION = YES;
				CLANG_WARN_INFINITE_RECURSION = YES;
				CLANG_WARN_INT_CONVERSION = YES;
				CLANG_WARN_NON_LITERAL_NULL_CONVERSION = YES;
				CLANG_WARN_OBJC_IMPLICIT_RETAIN_SELF = YES;
				CLANG_WARN_OBJC_LITERAL_CONVERSION = YES;
				CLANG_WARN_OBJC_ROOT_CLASS = YES_ERROR;
				CLANG_WARN_QUOTED_INCLUDE_IN_FRAMEWORK_HEADER = YES;
				CLANG_WARN_RANGE_LOOP_ANALYSIS = YES;
				CLANG_WARN_STRICT_PROTOTYPES = YES;
				CLANG_WARN_SUSPICIOUS_MOVE = YES;
				CLANG_WARN_UNGUARDED_AVAILABILITY = YES_AGGRESSIVE;
				CLANG_WARN_UNREACHABLE_CODE = YES;
				CLANG_WARN__DUPLICATE_METHOD_MATCH = YES;
				COPY_PHASE_STRIP = NO;
				DEBUG_INFORMATION_FORMAT = dwarf;
				ENABLE_STRICT_OBJC_MSGSEND = YES;
				ENABLE_TESTABILITY = YES;
				GCC_C_LANGUAGE_STANDARD = gnu11;
				GCC_DYNAMIC_NO_PIC = NO;
				GCC_NO_COMMON_BLOCKS = YES;
				GCC_OPTIMIZATION_LEVEL = 0;
				GCC_PREPROCESSOR_DEFINITIONS = (
					"DEBUG=1",
					"$(inherited)",
				);
				GCC_WARN_64_TO_32_BIT_CONVERSION = YES;
				GCC_WARN_ABOUT_RETURN_TYPE = YES_ERROR;
				GCC_WARN_UNDECLARED_SELECTOR = YES;
				GCC_WARN_UNINITIALIZED_AUTOS = YES_AGGRESSIVE;
				GCC_WARN_UNUSED_FUNCTION = YES;
				GCC_WARN_UNUSED_VARIABLE = YES;
				IPHONEOS_DEPLOYMENT_TARGET = 16.0;
				MTL_ENABLE_DEBUG_INFO = INCLUDE_SOURCE;
				MTL_FAST_MATH = YES;
				ONLY_ACTIVE_ARCH = YES;
				SDKROOT = iphoneos;
				SWIFT_ACTIVE_COMPILATION_CONDITIONS = DEBUG;
				SWIFT_OPTIMIZATION_LEVEL = "-Onone";
			};
			name = Debug;
		};
		7A04FFB1290D9DB5001219B5 /* Release */ = {
			isa = XCBuildConfiguration;
			buildSettings = {
				ALWAYS_SEARCH_USER_PATHS = NO;
				CLANG_ANALYZER_NONNULL = YES;
				CLANG_ANALYZER_NUMBER_OBJECT_CONVERSION = YES_AGGRESSIVE;
				CLANG_CXX_LANGUAGE_STANDARD = "gnu++20";
				CLANG_ENABLE_MODULES = YES;
				CLANG_ENABLE_OBJC_ARC = YES;
				CLANG_ENABLE_OBJC_WEAK = YES;
				CLANG_WARN_BLOCK_CAPTURE_AUTORELEASING = YES;
				CLANG_WARN_BOOL_CONVERSION = YES;
				CLANG_WARN_COMMA = YES;
				CLANG_WARN_CONSTANT_CONVERSION = YES;
				CLANG_WARN_DEPRECATED_OBJC_IMPLEMENTATIONS = YES;
				CLANG_WARN_DIRECT_OBJC_ISA_USAGE = YES_ERROR;
				CLANG_WARN_DOCUMENTATION_COMMENTS = YES;
				CLANG_WARN_EMPTY_BODY = YES;
				CLANG_WARN_ENUM_CONVERSION = YES;
				CLANG_WARN_INFINITE_RECURSION = YES;
				CLANG_WARN_INT_CONVERSION = YES;
				CLANG_WARN_NON_LITERAL_NULL_CONVERSION = YES;
				CLANG_WARN_OBJC_IMPLICIT_RETAIN_SELF = YES;
				CLANG_WARN_OBJC_LITERAL_CONVERSION = YES;
				CLANG_WARN_OBJC_ROOT_CLASS = YES_ERROR;
				CLANG_WARN_QUOTED_INCLUDE_IN_FRAMEWORK_HEADER = YES;
				CLANG_WARN_RANGE_LOOP_ANALYSIS = YES;
				CLANG_WARN_STRICT_PROTOTYPES = YES;
				CLANG_WARN_SUSPICIOUS_MOVE = YES;
				CLANG_WARN_UNGUARDED_AVAILABILITY = YES_AGGRESSIVE;
				CLANG_WARN_UNREACHABLE_CODE = YES;
				CLANG_WARN__DUPLICATE_METHOD_MATCH = YES;
				COPY_PHASE_STRIP = NO;
				DEBUG_INFORMATION_FORMAT = "dwarf-with-dsym";
				ENABLE_NS_ASSERTIONS = NO;
				ENABLE_STRICT_OBJC_MSGSEND = YES;
				GCC_C_LANGUAGE_STANDARD = gnu11;
				GCC_NO_COMMON_BLOCKS = YES;
				GCC_WARN_64_TO_32_BIT_CONVERSION = YES;
				GCC_WARN_ABOUT_RETURN_TYPE = YES_ERROR;
				GCC_WARN_UNDECLARED_SELECTOR = YES;
				GCC_WARN_UNINITIALIZED_AUTOS = YES_AGGRESSIVE;
				GCC_WARN_UNUSED_FUNCTION = YES;
				GCC_WARN_UNUSED_VARIABLE = YES;
				IPHONEOS_DEPLOYMENT_TARGET = 16.0;
				MTL_ENABLE_DEBUG_INFO = NO;
				MTL_FAST_MATH = YES;
				SDKROOT = iphoneos;
				SWIFT_COMPILATION_MODE = wholemodule;
				SWIFT_OPTIMIZATION_LEVEL = "-O";
				VALIDATE_PRODUCT = YES;
			};
			name = Release;
		};
		7A04FFB3290D9DB5001219B5 /* Debug */ = {
			isa = XCBuildConfiguration;
			baseConfigurationReference = 7E2DED9DCBE189664F4DCBC7 /* Pods-SmartReply.debug.xcconfig */;
			buildSettings = {
				ASSETCATALOG_COMPILER_APPICON_NAME = AppIcon;
				ASSETCATALOG_COMPILER_GLOBAL_ACCENT_COLOR_NAME = AccentColor;
				CODE_SIGN_STYLE = Automatic;
				CURRENT_PROJECT_VERSION = 1;
				DEVELOPMENT_TEAM = 7LZM842DGK;
				GENERATE_INFOPLIST_FILE = YES;
				INFOPLIST_FILE = SmartReply/Info.plist;
				INFOPLIST_KEY_UIApplicationSupportsIndirectInputEvents = YES;
				INFOPLIST_KEY_UILaunchStoryboardName = LaunchScreen;
				INFOPLIST_KEY_UIMainStoryboardFile = Main;
				INFOPLIST_KEY_UISupportedInterfaceOrientations_iPad = "UIInterfaceOrientationPortrait UIInterfaceOrientationPortraitUpsideDown UIInterfaceOrientationLandscapeLeft UIInterfaceOrientationLandscapeRight";
				INFOPLIST_KEY_UISupportedInterfaceOrientations_iPhone = "UIInterfaceOrientationPortrait UIInterfaceOrientationLandscapeLeft UIInterfaceOrientationLandscapeRight";
				LD_RUNPATH_SEARCH_PATHS = (
					"$(inherited)",
					"@executable_path/Frameworks",
				);
				MARKETING_VERSION = 1.0;
				PRODUCT_BUNDLE_IDENTIFIER = com.ahsenbahtisen.SmartReply;
				PRODUCT_NAME = "$(TARGET_NAME)";
				SWIFT_EMIT_LOC_STRINGS = YES;
				SWIFT_VERSION = 5.0;
				TARGETED_DEVICE_FAMILY = "1,2";
			};
			name = Debug;
		};
		7A04FFB4290D9DB5001219B5 /* Release */ = {
			isa = XCBuildConfiguration;
			baseConfigurationReference = 3BA5E463E2B04E01927B7163 /* Pods-SmartReply.release.xcconfig */;
			buildSettings = {
				ASSETCATALOG_COMPILER_APPICON_NAME = AppIcon;
				ASSETCATALOG_COMPILER_GLOBAL_ACCENT_COLOR_NAME = AccentColor;
				CODE_SIGN_STYLE = Automatic;
				CURRENT_PROJECT_VERSION = 1;
				DEVELOPMENT_TEAM = 7LZM842DGK;
				GENERATE_INFOPLIST_FILE = YES;
				INFOPLIST_FILE = SmartReply/Info.plist;
				INFOPLIST_KEY_UIApplicationSupportsIndirectInputEvents = YES;
				INFOPLIST_KEY_UILaunchStoryboardName = LaunchScreen;
				INFOPLIST_KEY_UIMainStoryboardFile = Main;
				INFOPLIST_KEY_UISupportedInterfaceOrientations_iPad = "UIInterfaceOrientationPortrait UIInterfaceOrientationPortraitUpsideDown UIInterfaceOrientationLandscapeLeft UIInterfaceOrientationLandscapeRight";
				INFOPLIST_KEY_UISupportedInterfaceOrientations_iPhone = "UIInterfaceOrientationPortrait UIInterfaceOrientationLandscapeLeft UIInterfaceOrientationLandscapeRight";
				LD_RUNPATH_SEARCH_PATHS = (
					"$(inherited)",
					"@executable_path/Frameworks",
				);
				MARKETING_VERSION = 1.0;
				PRODUCT_BUNDLE_IDENTIFIER = com.ahsenbahtisen.SmartReply;
				PRODUCT_NAME = "$(TARGET_NAME)";
				SWIFT_EMIT_LOC_STRINGS = YES;
				SWIFT_VERSION = 5.0;
				TARGETED_DEVICE_FAMILY = "1,2";
			};
			name = Release;
		};
/* End XCBuildConfiguration section */

/* Begin XCConfigurationList section */
		7A04FF99290D9DB4001219B5 /* Build configuration list for PBXProject "SmartReply" */ = {
			isa = XCConfigurationList;
			buildConfigurations = (
				7A04FFB0290D9DB5001219B5 /* Debug */,
				7A04FFB1290D9DB5001219B5 /* Release */,
			);
			defaultConfigurationIsVisible = 0;
			defaultConfigurationName = Release;
		};
		7A04FFB2290D9DB5001219B5 /* Build configuration list for PBXNativeTarget "SmartReply" */ = {
			isa = XCConfigurationList;
			buildConfigurations = (
				7A04FFB3290D9DB5001219B5 /* Debug */,
				7A04FFB4290D9DB5001219B5 /* Release */,
			);
			defaultConfigurationIsVisible = 0;
			defaultConfigurationName = Release;
		};
/* End XCConfigurationList section */
	};
	rootObject = 7A04FF96290D9DB4001219B5 /* Project object */;
}
